
Microsoft Visual Studio Solution File, Format Version 12.00
# Visual Studio Version 17
VisualStudioVersion = 17.2.32526.322
MinimumVisualStudioVersion = 10.0.40219.1
Project("{FAE04EC0-301F-11D3-BF4B-00C04F79EFBC}") = "4.110", "4.110\4.110.csproj", "{6FB04656-7A93-4105-9E38-26AA54D38E5D}"
EndProject
Global
	GlobalSection(SolutionConfigurationPlatforms) = preSolution
		Debug|Any CPU = Debug|Any CPU
		Release|Any CPU = Release|Any CPU
	EndGlobalSection
	GlobalSection(ProjectConfigurationPlatforms) = postSolution
		{6FB04656-7A93-4105-9E38-26AA54D38E5D}.Debug|Any CPU.ActiveCfg = Debug|Any CPU
		{6FB04656-7A93-4105-9E38-26AA54D38E5D}.Debug|Any CPU.Build.0 = Debug|Any CPU
		{6FB04656-7A93-4105-9E38-26AA54D38E5D}.Release|Any CPU.ActiveCfg = Release|Any CPU
		{6FB04656-7A93-4105-9E38-26AA54D38E5D}.Release|Any CPU.Build.0 = Release|Any CPU
	EndGlobalSection
	GlobalSection(SolutionProperties) = preSolution
		HideSolutionNode = FALSE
	EndGlobalSection
	GlobalSection(ExtensibilityGlobals) = postSolution
		SolutionGuid = {ECE5C2A4-2E04-4CB9-A139-D63678C08723}
	EndGlobalSection
EndGlobal
